// !$*UTF8*$!
{
	archiveVersion = 1;
	classes = {
	};
	objectVersion = 46;
	objects = {

/* Begin PBXBuildFile section */
		25FD26FC18865EAC0050B010 /* Foundation.framework in Frameworks */ = {isa = PBXBuildFile; fileRef = 25FD26FB18865EAC0050B010 /* Foundation.framework */; };
		25FD26FF18865EAC0050B010 /* main.m in Sources */ = {isa = PBXBuildFile; fileRef = 25FD26FE18865EAC0050B010 /* main.m */; };
		25FD270318865EAC0050B010 /* TextureUnpacker.1 in CopyFiles */ = {isa = PBXBuildFile; fileRef = 25FD270218865EAC0050B010 /* TextureUnpacker.1 */; };
/* End PBXBuildFile section */

/* Begin PBXCopyFilesBuildPhase section */
		25FD26F618865EAC0050B010 /* CopyFiles */ = {
			isa = PBXCopyFilesBuildPhase;
			buildActionMask = 2147483647;
			dstPath = /usr/share/man/man1/;
			dstSubfolderSpec = 0;
			files = (
				25FD270318865EAC0050B010 /* TextureUnpacker.1 in CopyFiles */,
			);
			runOnlyForDeploymentPostprocessing = 1;
		};
/* End PBXCopyFilesBuildPhase section */

/* Begin PBXFileReference section */
		25FD26F818865EAC0050B010 /* TextureUnpacker */ = {isa = PBXFileReference; explicitFileType = "compiled.mach-o.executable"; includeInIndex = 0; path = TextureUnpacker; sourceTree = BUILT_PRODUCTS_DIR; };
		25FD26FB18865EAC0050B010 /* Foundation.framework */ = {isa = PBXFileReference; lastKnownFileType = wrapper.framework; name = Foundation.framework; path = System/Library/Frameworks/Foundation.framework; sourceTree = SDKROOT; };
		25FD26FE18865EAC0050B010 /* main.m */ = {isa = PBXFileReference; lastKnownFileType = sourcecode.c.objc; path = main.m; sourceTree = "<group>"; };
		25FD270118865EAC0050B010 /* TextureUnpacker-Prefix.pch */ = {isa = PBXFileReference; lastKnownFileType = sourcecode.c.h; path = "TextureUnpacker-Prefix.pch"; sourceTree = "<group>"; };
		25FD270218865EAC0050B010 /* TextureUnpacker.1 */ = {isa = PBXFileReference; lastKnownFileType = text.man; path = TextureUnpacker.1; sourceTree = "<group>"; };
/* End PBXFileReference section */

/* Begin PBXFrameworksBuildPhase section */
		25FD26F518865EAC0050B010 /* Frameworks */ = {
			isa = PBXFrameworksBuildPhase;
			buildActionMask = 2147483647;
			files = (
				25FD26FC18865EAC0050B010 /* Foundation.framework in Frameworks */,
			);
			runOnlyForDeploymentPostprocessing = 0;
		};
/* End PBXFrameworksBuildPhase section */

/* Begin PBXGroup section */
		25FD26EF18865EAC0050B010 = {
			isa = PBXGroup;
			children = (
				25FD26FD18865EAC0050B010 /* TextureUnpacker */,
				25FD26FA18865EAC0050B010 /* Frameworks */,
				25FD26F918865EAC0050B010 /* Products */,
			);
			sourceTree = "<group>";
		};
		25FD26F918865EAC0050B010 /* Products */ = {
			isa = PBXGroup;
			children = (
				25FD26F818865EAC0050B010 /* TextureUnpacker */,
			);
			name = Products;
			sourceTree = "<group>";
		};
		25FD26FA18865EAC0050B010 /* Frameworks */ = {
			isa = PBXGroup;
			children = (
				25FD26FB18865EAC0050B010 /* Foundation.framework */,
			);
			name = Frameworks;
			sourceTree = "<group>";
		};
		25FD26FD18865EAC0050B010 /* TextureUnpacker */ = {
			isa = PBXGroup;
			children = (
				25FD26FE18865EAC0050B010 /* main.m */,
				25FD270218865EAC0050B010 /* TextureUnpacker.1 */,
				25FD270018865EAC0050B010 /* Supporting Files */,
			);
			path = TextureUnpacker;
			sourceTree = "<group>";
		};
		25FD270018865EAC0050B010 /* Supporting Files */ = {
			isa = PBXGroup;
			children = (
				25FD270118865EAC0050B010 /* TextureUnpacker-Prefix.pch */,
			);
			name = "Supporting Files";
			sourceTree = "<group>";
		};
/* End PBXGroup section */

/* Begin PBXNativeTarget section */
		25FD26F718865EAC0050B010 /* TextureUnpacker */ = {
			isa = PBXNativeTarget;
			buildConfigurationList = 25FD270618865EAC0050B010 /* Build configuration list for PBXNativeTarget "TextureUnpacker" */;
			buildPhases = (
				25FD26F418865EAC0050B010 /* Sources */,
				25FD26F518865EAC0050B010 /* Frameworks */,
				25FD26F618865EAC0050B010 /* CopyFiles */,
			);
			buildRules = (
			);
			dependencies = (
			);
			name = TextureUnpacker;
			productName = TextureUnpacker;
			productReference = 25FD26F818865EAC0050B010 /* TextureUnpacker */;
			productType = "com.apple.product-type.tool";
		};
/* End PBXNativeTarget section */

/* Begin PBXProject section */
		25FD26F018865EAC0050B010 /* Project object */ = {
			isa = PBXProject;
			attributes = {
				LastUpgradeCheck = 0500;
				ORGANIZATIONNAME = sniperbat;
			};
			buildConfigurationList = 25FD26F318865EAC0050B010 /* Build configuration list for PBXProject "TextureUnpacker" */;
			compatibilityVersion = "Xcode 3.2";
			developmentRegion = English;
			hasScannedForEncodings = 0;
			knownRegions = (
				en,
			);
			mainGroup = 25FD26EF18865EAC0050B010;
			productRefGroup = 25FD26F918865EAC0050B010 /* Products */;
			projectDirPath = "";
			projectRoot = "";
			targets = (
				25FD26F718865EAC0050B010 /* TextureUnpacker */,
			);
		};
/* End PBXProject section */

/* Begin PBXSourcesBuildPhase section */
		25FD26F418865EAC0050B010 /* Sources */ = {
			isa = PBXSourcesBuildPhase;
			buildActionMask = 2147483647;
			files = (
				25FD26FF18865EAC0050B010 /* main.m in Sources */,
			);
			runOnlyForDeploymentPostprocessing = 0;
		};
/* End PBXSourcesBuildPhase section */

/* Begin XCBuildConfiguration section */
		25FD270418865EAC0050B010 /* Debug */ = {
			isa = XCBuildConfiguration;
			buildSettings = {
				ALWAYS_SEARCH_USER_PATHS = NO;
				CLANG_CXX_LANGUAGE_STANDARD = "gnu++0x";
				CLANG_CXX_LIBRARY = "libc++";
				CLANG_ENABLE_OBJC_ARC = YES;
				CLANG_WARN_BOOL_CONVERSION = YES;
				CLANG_WARN_CONSTANT_CONVERSION = YES;
				CLANG_WARN_DIRECT_OBJC_ISA_USAGE = YES_ERROR;
				CLANG_WARN_EMPTY_BODY = YES;
				CLANG_WARN_ENUM_CONVERSION = YES;
				CLANG_WARN_INT_CONVERSION = YES;
				CLANG_WARN_OBJC_ROOT_CLASS = YES_ERROR;
				CLANG_WARN__DUPLICATE_METHOD_MATCH = YES;
				COPY_PHASE_STRIP = NO;
				GCC_C_LANGUAGE_STANDARD = gnu99;
				GCC_DYNAMIC_NO_PIC = NO;
				GCC_ENABLE_OBJC_EXCEPTIONS = YES;
				GCC_OPTIMIZATION_LEVEL = 0;
				GCC_PREPROCESSOR_DEFINITIONS = (
					"DEBUG=1",
					"$(inherited)",
				);
				GCC_SYMBOLS_PRIVATE_EXTERN = NO;
				GCC_WARN_64_TO_32_BIT_CONVERSION = YES;
				GCC_WARN_ABOUT_RETURN_TYPE = YES_ERROR;
				GCC_WARN_UNDECLARED_SELECTOR = YES;
				GCC_WARN_UNINITIALIZED_AUTOS = YES;
				GCC_WARN_UNUSED_FUNCTION = YES;
				GCC_WARN_UNUSED_VARIABLE = YES;
				MACOSX_DEPLOYMENT_TARGET = 10.9;
				ONLY_ACTIVE_ARCH = YES;
				SDKROOT = macosx;
			};
			name = Debug;
		};
		25FD270518865EAC0050B010 /* Release */ = {
			isa = XCBuildConfiguration;
			buildSettings = {
				ALWAYS_SEARCH_USER_PATHS = NO;
				CLANG_CXX_LANGUAGE_STANDARD = "gnu++0x";
				CLANG_CXX_LIBRARY = "libc++";
				CLANG_ENABLE_OBJC_ARC = YES;
				CLANG_WARN_BOOL_CONVERSION = YES;
				CLANG_WARN_CONSTANT_CONVERSION = YES;
				CLANG_WARN_DIRECT_OBJC_ISA_USAGE = YES_ERROR;
				CLANG_WARN_EMPTY_BODY = YES;
				CLANG_WARN_ENUM_CONVERSION = YES;
				CLANG_WARN_INT_CONVERSION = YES;
				CLANG_WARN_OBJC_ROOT_CLASS = YES_ERROR;
				CLANG_WARN__DUPLICATE_METHOD_MATCH = YES;
				COPY_PHASE_STRIP = YES;
				DEBUG_INFORMATION_FORMAT = "dwarf-with-dsym";
				ENABLE_NS_ASSERTIONS = NO;
				GCC_C_LANGUAGE_STANDARD = gnu99;
				GCC_ENABLE_OBJC_EXCEPTIONS = YES;
				GCC_WARN_64_TO_32_BIT_CONVERSION = YES;
				GCC_WARN_ABOUT_RETURN_TYPE = YES_ERROR;
				GCC_WARN_UNDECLARED_SELECTOR = YES;
				GCC_WARN_UNINITIALIZED_AUTOS = YES;
				GCC_WARN_UNUSED_FUNCTION = YES;
				GCC_WARN_UNUSED_VARIABLE = YES;
				MACOSX_DEPLOYMENT_TARGET = 10.9;
				SDKROOT = macosx;
			};
			name = Release;
		};
		25FD270718865EAC0050B010 /* Debug */ = {
			isa = XCBuildConfiguration;
			buildSettings = {
				GCC_PRECOMPILE_PREFIX_HEADER = YES;
				GCC_PREFIX_HEADER = "TextureUnpacker/TextureUnpacker-Prefix.pch";
				PRODUCT_NAME = "$(TARGET_NAME)";
			};
			name = Debug;
		};
		25FD270818865EAC0050B010 /* Release */ = {
			isa = XCBuildConfiguration;
			buildSettings = {
				GCC_PRECOMPILE_PREFIX_HEADER = YES;
				GCC_PREFIX_HEADER = "TextureUnpacker/TextureUnpacker-Prefix.pch";
				PRODUCT_NAME = "$(TARGET_NAME)";
			};
			name = Release;
		};
/* End XCBuildConfiguration section */

/* Begin XCConfigurationList section */
		25FD26F318865EAC0050B010 /* Build configuration list for PBXProject "TextureUnpacker" */ = {
			isa = XCConfigurationList;
			buildConfigurations = (
				25FD270418865EAC0050B010 /* Debug */,
				25FD270518865EAC0050B010 /* Release */,
			);
			defaultConfigurationIsVisible = 0;
			defaultConfigurationName = Release;
		};
		25FD270618865EAC0050B010 /* Build configuration list for PBXNativeTarget "TextureUnpacker" */ = {
			isa = XCConfigurationList;
			buildConfigurations = (
				25FD270718865EAC0050B010 /* Debug */,
				25FD270818865EAC0050B010 /* Release */,
			);
			defaultConfigurationIsVisible = 0;
		};
/* End XCConfigurationList section */
	};
	rootObject = 25FD26F018865EAC0050B010 /* Project object */;
}
